
Microsoft Visual Studio Solution File, Format Version 12.00
# Visual Studio 15
VisualStudioVersion = 15.0.27004.2002
MinimumVisualStudioVersion = 10.0.40219.1
Project("{FAE04EC0-301F-11D3-BF4B-00C04F79EFBC}") = "QuickFlicks.iOS", "QuickFlicks.iOS\QuickFlicks.iOS.csproj", "{D5FAD3A5-78E4-456D-8F96-65B9C5A0DAED}"
EndProject
Project("{9A19103F-16F7-4668-BE54-9A1E7A4F7556}") = "QuickFlicks.Data", "QuickFlicks.Data\QuickFlicks.Data.csproj", "{82B6A9DC-1A88-4E65-98CD-2CDF6E704317}"
EndProject
Project("{2150E333-8FDC-42A3-9474-1A3956D46DE8}") = "XForms", "XForms", "{74FC5797-F874-4ED1-8113-FFA0C5E86267}"
EndProject
Project("{D954291E-2A0B-460D-934E-DC6B0785DB48}") = "QuickFlicks", "XForms\QuickFlicks\QuickFlicks\QuickFlicks.shproj", "{FA4D0313-B7E0-48AD-927B-F7E5AE53D340}"
EndProject
Project("{FAE04EC0-301F-11D3-BF4B-00C04F79EFBC}") = "QuickFlicks.Android", "XForms\QuickFlicks\QuickFlicks.Android\QuickFlicks.Android.csproj", "{EAA4F4D3-7827-439C-826A-C26C24CD08F2}"
EndProject
Project("{FAE04EC0-301F-11D3-BF4B-00C04F79EFBC}") = "QuickFlicks.iOS", "XForms\QuickFlicks\QuickFlicks.iOS\QuickFlicks.iOS.csproj", "{FBE6AC5C-7D84-4EFC-9DD7-71CC0E80BAB7}"
EndProject
Project("{FAE04EC0-301F-11D3-BF4B-00C04F79EFBC}") = "QuickFlicks.UWP", "XForms\QuickFlicks\QuickFlicks.UWP\QuickFlicks.UWP.csproj", "{EBE5F202-EBF7-4303-9EC9-E9ECA831CB84}"
EndProject
Project("{9A19103F-16F7-4668-BE54-9A1E7A4F7556}") = "QuickFlicks.ViewModels", "XForms\QuickFlicks.ViewModels\QuickFlicks.ViewModels.csproj", "{457A27A7-C194-4EFF-81D9-FEB98837F38A}"
EndProject
Project("{FAE04EC0-301F-11D3-BF4B-00C04F79EFBC}") = "QuickFlicks.Droid", "QuickFlicks.Droid\QuickFlicks.Droid.csproj", "{0E637B10-FF32-4057-A0DC-1F6819EF64A5}"
EndProject
Global
	GlobalSection(SharedMSBuildProjectFiles) = preSolution
		XForms\QuickFlicks\QuickFlicks\QuickFlicks.projitems*{eaa4f4d3-7827-439c-826a-c26c24cd08f2}*SharedItemsImports = 4
		XForms\QuickFlicks\QuickFlicks\QuickFlicks.projitems*{ebe5f202-ebf7-4303-9ec9-e9eca831cb84}*SharedItemsImports = 4
		XForms\QuickFlicks\QuickFlicks\QuickFlicks.projitems*{fa4d0313-b7e0-48ad-927b-f7e5ae53d340}*SharedItemsImports = 13
		XForms\QuickFlicks\QuickFlicks\QuickFlicks.projitems*{fbe6ac5c-7d84-4efc-9dd7-71cc0e80bab7}*SharedItemsImports = 4
	EndGlobalSection
	GlobalSection(SolutionConfigurationPlatforms) = preSolution
		Ad-Hoc|Any CPU = Ad-Hoc|Any CPU
		Ad-Hoc|ARM = Ad-Hoc|ARM
		Ad-Hoc|iPhone = Ad-Hoc|iPhone
		Ad-Hoc|iPhoneSimulator = Ad-Hoc|iPhoneSimulator
		Ad-Hoc|x64 = Ad-Hoc|x64
		Ad-Hoc|x86 = Ad-Hoc|x86
		AppStore|Any CPU = AppStore|Any CPU
		AppStore|ARM = AppStore|ARM
		AppStore|iPhone = AppStore|iPhone
		AppStore|iPhoneSimulator = AppStore|iPhoneSimulator
		AppStore|x64 = AppStore|x64
		AppStore|x86 = AppStore|x86
		Debug|Any CPU = Debug|Any CPU
		Debug|ARM = Debug|ARM
		Debug|iPhone = Debug|iPhone
		Debug|iPhoneSimulator = Debug|iPhoneSimulator
		Debug|x64 = Debug|x64
		Debug|x86 = Debug|x86
		Release|Any CPU = Release|Any CPU
		Release|ARM = Release|ARM
		Release|iPhone = Release|iPhone
		Release|iPhoneSimulator = Release|iPhoneSimulator
		Release|x64 = Release|x64
		Release|x86 = Release|x86
	EndGlobalSection
	GlobalSection(ProjectConfigurationPlatforms) = postSolution
		{D5FAD3A5-78E4-456D-8F96-65B9C5A0DAED}.Ad-Hoc|Any CPU.ActiveCfg = Release|iPhone
		{D5FAD3A5-78E4-456D-8F96-65B9C5A0DAED}.Ad-Hoc|Any CPU.Build.0 = Release|iPhone
		{D5FAD3A5-78E4-456D-8F96-65B9C5A0DAED}.Ad-Hoc|ARM.ActiveCfg = Release|iPhone
		{D5FAD3A5-78E4-456D-8F96-65B9C5A0DAED}.Ad-Hoc|ARM.Build.0 = Release|iPhone
		{D5FAD3A5-78E4-456D-8F96-65B9C5A0DAED}.Ad-Hoc|iPhone.ActiveCfg = Release|iPhone
		{D5FAD3A5-78E4-456D-8F96-65B9C5A0DAED}.Ad-Hoc|iPhone.Build.0 = Release|iPhone
		{D5FAD3A5-78E4-456D-8F96-65B9C5A0DAED}.Ad-Hoc|iPhoneSimulator.ActiveCfg = Release|iPhoneSimulator
		{D5FAD3A5-78E4-456D-8F96-65B9C5A0DAED}.Ad-Hoc|iPhoneSimulator.Build.0 = Release|iPhoneSimulator
		{D5FAD3A5-78E4-456D-8F96-65B9C5A0DAED}.Ad-Hoc|x64.ActiveCfg = Release|iPhone
		{D5FAD3A5-78E4-456D-8F96-65B9C5A0DAED}.Ad-Hoc|x64.Build.0 = Release|iPhone
		{D5FAD3A5-78E4-456D-8F96-65B9C5A0DAED}.Ad-Hoc|x86.ActiveCfg = Release|iPhone
		{D5FAD3A5-78E4-456D-8F96-65B9C5A0DAED}.Ad-Hoc|x86.Build.0 = Release|iPhone
		{D5FAD3A5-78E4-456D-8F96-65B9C5A0DAED}.AppStore|Any CPU.ActiveCfg = Release|iPhone
		{D5FAD3A5-78E4-456D-8F96-65B9C5A0DAED}.AppStore|Any CPU.Build.0 = Release|iPhone
		{D5FAD3A5-78E4-456D-8F96-65B9C5A0DAED}.AppStore|ARM.ActiveCfg = Release|iPhone
		{D5FAD3A5-78E4-456D-8F96-65B9C5A0DAED}.AppStore|ARM.Build.0 = Release|iPhone
		{D5FAD3A5-78E4-456D-8F96-65B9C5A0DAED}.AppStore|iPhone.ActiveCfg = Release|iPhone
		{D5FAD3A5-78E4-456D-8F96-65B9C5A0DAED}.AppStore|iPhone.Build.0 = Release|iPhone
		{D5FAD3A5-78E4-456D-8F96-65B9C5A0DAED}.AppStore|iPhoneSimulator.ActiveCfg = Release|iPhoneSimulator
		{D5FAD3A5-78E4-456D-8F96-65B9C5A0DAED}.AppStore|iPhoneSimulator.Build.0 = Release|iPhoneSimulator
		{D5FAD3A5-78E4-456D-8F96-65B9C5A0DAED}.AppStore|x64.ActiveCfg = Release|iPhone
		{D5FAD3A5-78E4-456D-8F96-65B9C5A0DAED}.AppStore|x64.Build.0 = Release|iPhone
		{D5FAD3A5-78E4-456D-8F96-65B9C5A0DAED}.AppStore|x86.ActiveCfg = Release|iPhone
		{D5FAD3A5-78E4-456D-8F96-65B9C5A0DAED}.AppStore|x86.Build.0 = Release|iPhone
		{D5FAD3A5-78E4-456D-8F96-65B9C5A0DAED}.Debug|Any CPU.ActiveCfg = Debug|iPhoneSimulator
		{D5FAD3A5-78E4-456D-8F96-65B9C5A0DAED}.Debug|ARM.ActiveCfg = Debug|iPhoneSimulator
		{D5FAD3A5-78E4-456D-8F96-65B9C5A0DAED}.Debug|iPhone.ActiveCfg = Debug|iPhone
		{D5FAD3A5-78E4-456D-8F96-65B9C5A0DAED}.Debug|iPhone.Build.0 = Debug|iPhone
		{D5FAD3A5-78E4-456D-8F96-65B9C5A0DAED}.Debug|iPhoneSimulator.ActiveCfg = Debug|iPhoneSimulator
		{D5FAD3A5-78E4-456D-8F96-65B9C5A0DAED}.Debug|iPhoneSimulator.Build.0 = Debug|iPhoneSimulator
		{D5FAD3A5-78E4-456D-8F96-65B9C5A0DAED}.Debug|x64.ActiveCfg = Debug|iPhoneSimulator
		{D5FAD3A5-78E4-456D-8F96-65B9C5A0DAED}.Debug|x86.ActiveCfg = Debug|iPhoneSimulator
		{D5FAD3A5-78E4-456D-8F96-65B9C5A0DAED}.Release|Any CPU.ActiveCfg = Release|iPhoneSimulator
		{D5FAD3A5-78E4-456D-8F96-65B9C5A0DAED}.Release|ARM.ActiveCfg = Release|iPhoneSimulator
		{D5FAD3A5-78E4-456D-8F96-65B9C5A0DAED}.Release|iPhone.ActiveCfg = Release|iPhone
		{D5FAD3A5-78E4-456D-8F96-65B9C5A0DAED}.Release|iPhone.Build.0 = Release|iPhone
		{D5FAD3A5-78E4-456D-8F96-65B9C5A0DAED}.Release|iPhoneSimulator.ActiveCfg = Release|iPhoneSimulator
		{D5FAD3A5-78E4-456D-8F96-65B9C5A0DAED}.Release|iPhoneSimulator.Build.0 = Release|iPhoneSimulator
		{D5FAD3A5-78E4-456D-8F96-65B9C5A0DAED}.Release|x64.ActiveCfg = Release|iPhoneSimulator
		{D5FAD3A5-78E4-456D-8F96-65B9C5A0DAED}.Release|x86.ActiveCfg = Release|iPhoneSimulator
		{82B6A9DC-1A88-4E65-98CD-2CDF6E704317}.Ad-Hoc|Any CPU.ActiveCfg = Debug|Any CPU
		{82B6A9DC-1A88-4E65-98CD-2CDF6E704317}.Ad-Hoc|Any CPU.Build.0 = Debug|Any CPU
		{82B6A9DC-1A88-4E65-98CD-2CDF6E704317}.Ad-Hoc|ARM.ActiveCfg = Release|Any CPU
		{82B6A9DC-1A88-4E65-98CD-2CDF6E704317}.Ad-Hoc|ARM.Build.0 = Release|Any CPU
		{82B6A9DC-1A88-4E65-98CD-2CDF6E704317}.Ad-Hoc|iPhone.ActiveCfg = Debug|Any CPU
		{82B6A9DC-1A88-4E65-98CD-2CDF6E704317}.Ad-Hoc|iPhone.Build.0 = Debug|Any CPU
		{82B6A9DC-1A88-4E65-98CD-2CDF6E704317}.Ad-Hoc|iPhoneSimulator.ActiveCfg = Debug|Any CPU
		{82B6A9DC-1A88-4E65-98CD-2CDF6E704317}.Ad-Hoc|iPhoneSimulator.Build.0 = Debug|Any CPU
		{82B6A9DC-1A88-4E65-98CD-2CDF6E704317}.Ad-Hoc|x64.ActiveCfg = Release|Any CPU
		{82B6A9DC-1A88-4E65-98CD-2CDF6E704317}.Ad-Hoc|x64.Build.0 = Release|Any CPU
		{82B6A9DC-1A88-4E65-98CD-2CDF6E704317}.Ad-Hoc|x86.ActiveCfg = Release|Any CPU
		{82B6A9DC-1A88-4E65-98CD-2CDF6E704317}.Ad-Hoc|x86.Build.0 = Release|Any CPU
		{82B6A9DC-1A88-4E65-98CD-2CDF6E704317}.AppStore|Any CPU.ActiveCfg = Debug|Any CPU
		{82B6A9DC-1A88-4E65-98CD-2CDF6E704317}.AppStore|Any CPU.Build.0 = Debug|Any CPU
		{82B6A9DC-1A88-4E65-98CD-2CDF6E704317}.AppStore|ARM.ActiveCfg = Release|Any CPU
		{82B6A9DC-1A88-4E65-98CD-2CDF6E704317}.AppStore|ARM.Build.0 = Release|Any CPU
		{82B6A9DC-1A88-4E65-98CD-2CDF6E704317}.AppStore|iPhone.ActiveCfg = Debug|Any CPU
		{82B6A9DC-1A88-4E65-98CD-2CDF6E704317}.AppStore|iPhone.Build.0 = Debug|Any CPU
		{82B6A9DC-1A88-4E65-98CD-2CDF6E704317}.AppStore|iPhoneSimulator.ActiveCfg = Debug|Any CPU
		{82B6A9DC-1A88-4E65-98CD-2CDF6E704317}.AppStore|iPhoneSimulator.Build.0 = Debug|Any CPU
		{82B6A9DC-1A88-4E65-98CD-2CDF6E704317}.AppStore|x64.ActiveCfg = Release|Any CPU
		{82B6A9DC-1A88-4E65-98CD-2CDF6E704317}.AppStore|x64.Build.0 = Release|Any CPU
		{82B6A9DC-1A88-4E65-98CD-2CDF6E704317}.AppStore|x86.ActiveCfg = Release|Any CPU
		{82B6A9DC-1A88-4E65-98CD-2CDF6E704317}.AppStore|x86.Build.0 = Release|Any CPU
		{82B6A9DC-1A88-4E65-98CD-2CDF6E704317}.Debug|Any CPU.ActiveCfg = Debug|Any CPU
		{82B6A9DC-1A88-4E65-98CD-2CDF6E704317}.Debug|Any CPU.Build.0 = Debug|Any CPU
		{82B6A9DC-1A88-4E65-98CD-2CDF6E704317}.Debug|ARM.ActiveCfg = Debug|Any CPU
		{82B6A9DC-1A88-4E65-98CD-2CDF6E704317}.Debug|ARM.Build.0 = Debug|Any CPU
		{82B6A9DC-1A88-4E65-98CD-2CDF6E704317}.Debug|iPhone.ActiveCfg = Debug|Any CPU
		{82B6A9DC-1A88-4E65-98CD-2CDF6E704317}.Debug|iPhone.Build.0 = Debug|Any CPU
		{82B6A9DC-1A88-4E65-98CD-2CDF6E704317}.Debug|iPhoneSimulator.ActiveCfg = Debug|Any CPU
		{82B6A9DC-1A88-4E65-98CD-2CDF6E704317}.Debug|iPhoneSimulator.Build.0 = Debug|Any CPU
		{82B6A9DC-1A88-4E65-98CD-2CDF6E704317}.Debug|x64.ActiveCfg = Debug|Any CPU
		{82B6A9DC-1A88-4E65-98CD-2CDF6E704317}.Debug|x64.Build.0 = Debug|Any CPU
		{82B6A9DC-1A88-4E65-98CD-2CDF6E704317}.Debug|x86.ActiveCfg = Debug|Any CPU
		{82B6A9DC-1A88-4E65-98CD-2CDF6E704317}.Debug|x86.Build.0 = Debug|Any CPU
		{82B6A9DC-1A88-4E65-98CD-2CDF6E704317}.Release|Any CPU.ActiveCfg = Release|Any CPU
		{82B6A9DC-1A88-4E65-98CD-2CDF6E704317}.Release|Any CPU.Build.0 = Release|Any CPU
		{82B6A9DC-1A88-4E65-98CD-2CDF6E704317}.Release|ARM.ActiveCfg = Release|Any CPU
		{82B6A9DC-1A88-4E65-98CD-2CDF6E704317}.Release|ARM.Build.0 = Release|Any CPU
		{82B6A9DC-1A88-4E65-98CD-2CDF6E704317}.Release|iPhone.ActiveCfg = Release|Any CPU
		{82B6A9DC-1A88-4E65-98CD-2CDF6E704317}.Release|iPhone.Build.0 = Release|Any CPU
		{82B6A9DC-1A88-4E65-98CD-2CDF6E704317}.Release|iPhoneSimulator.ActiveCfg = Release|Any CPU
		{82B6A9DC-1A88-4E65-98CD-2CDF6E704317}.Release|iPhoneSimulator.Build.0 = Release|Any CPU
		{82B6A9DC-1A88-4E65-98CD-2CDF6E704317}.Release|x64.ActiveCfg = Release|Any CPU
		{82B6A9DC-1A88-4E65-98CD-2CDF6E704317}.Release|x64.Build.0 = Release|Any CPU
		{82B6A9DC-1A88-4E65-98CD-2CDF6E704317}.Release|x86.ActiveCfg = Release|Any CPU
		{82B6A9DC-1A88-4E65-98CD-2CDF6E704317}.Release|x86.Build.0 = Release|Any CPU
		{EAA4F4D3-7827-439C-826A-C26C24CD08F2}.Ad-Hoc|Any CPU.ActiveCfg = Release|Any CPU
		{EAA4F4D3-7827-439C-826A-C26C24CD08F2}.Ad-Hoc|Any CPU.Build.0 = Release|Any CPU
		{EAA4F4D3-7827-439C-826A-C26C24CD08F2}.Ad-Hoc|Any CPU.Deploy.0 = Release|Any CPU
		{EAA4F4D3-7827-439C-826A-C26C24CD08F2}.Ad-Hoc|ARM.ActiveCfg = Release|Any CPU
		{EAA4F4D3-7827-439C-826A-C26C24CD08F2}.Ad-Hoc|ARM.Build.0 = Release|Any CPU
		{EAA4F4D3-7827-439C-826A-C26C24CD08F2}.Ad-Hoc|ARM.Deploy.0 = Release|Any CPU
		{EAA4F4D3-7827-439C-826A-C26C24CD08F2}.Ad-Hoc|iPhone.ActiveCfg = Release|Any CPU
		{EAA4F4D3-7827-439C-826A-C26C24CD08F2}.Ad-Hoc|iPhone.Build.0 = Release|Any CPU
		{EAA4F4D3-7827-439C-826A-C26C24CD08F2}.Ad-Hoc|iPhone.Deploy.0 = Release|Any CPU
		{EAA4F4D3-7827-439C-826A-C26C24CD08F2}.Ad-Hoc|iPhoneSimulator.ActiveCfg = Release|Any CPU
		{EAA4F4D3-7827-439C-826A-C26C24CD08F2}.Ad-Hoc|iPhoneSimulator.Build.0 = Release|Any CPU
		{EAA4F4D3-7827-439C-826A-C26C24CD08F2}.Ad-Hoc|iPhoneSimulator.Deploy.0 = Release|Any CPU
		{EAA4F4D3-7827-439C-826A-C26C24CD08F2}.Ad-Hoc|x64.ActiveCfg = Release|Any CPU
		{EAA4F4D3-7827-439C-826A-C26C24CD08F2}.Ad-Hoc|x64.Build.0 = Release|Any CPU
		{EAA4F4D3-7827-439C-826A-C26C24CD08F2}.Ad-Hoc|x64.Deploy.0 = Release|Any CPU
		{EAA4F4D3-7827-439C-826A-C26C24CD08F2}.Ad-Hoc|x86.ActiveCfg = Release|Any CPU
		{EAA4F4D3-7827-439C-826A-C26C24CD08F2}.Ad-Hoc|x86.Build.0 = Release|Any CPU
		{EAA4F4D3-7827-439C-826A-C26C24CD08F2}.Ad-Hoc|x86.Deploy.0 = Release|Any CPU
		{EAA4F4D3-7827-439C-826A-C26C24CD08F2}.AppStore|Any CPU.ActiveCfg = Release|Any CPU
		{EAA4F4D3-7827-439C-826A-C26C24CD08F2}.AppStore|Any CPU.Build.0 = Release|Any CPU
		{EAA4F4D3-7827-439C-826A-C26C24CD08F2}.AppStore|Any CPU.Deploy.0 = Release|Any CPU
		{EAA4F4D3-7827-439C-826A-C26C24CD08F2}.AppStore|ARM.ActiveCfg = Release|Any CPU
		{EAA4F4D3-7827-439C-826A-C26C24CD08F2}.AppStore|ARM.Build.0 = Release|Any CPU
		{EAA4F4D3-7827-439C-826A-C26C24CD08F2}.AppStore|ARM.Deploy.0 = Release|Any CPU
		{EAA4F4D3-7827-439C-826A-C26C24CD08F2}.AppStore|iPhone.ActiveCfg = Release|Any CPU
		{EAA4F4D3-7827-439C-826A-C26C24CD08F2}.AppStore|iPhone.Build.0 = Release|Any CPU
		{EAA4F4D3-7827-439C-826A-C26C24CD08F2}.AppStore|iPhone.Deploy.0 = Release|Any CPU
		{EAA4F4D3-7827-439C-826A-C26C24CD08F2}.AppStore|iPhoneSimulator.ActiveCfg = Release|Any CPU
		{EAA4F4D3-7827-439C-826A-C26C24CD08F2}.AppStore|iPhoneSimulator.Build.0 = Release|Any CPU
		{EAA4F4D3-7827-439C-826A-C26C24CD08F2}.AppStore|iPhoneSimulator.Deploy.0 = Release|Any CPU
		{EAA4F4D3-7827-439C-826A-C26C24CD08F2}.AppStore|x64.ActiveCfg = Release|Any CPU
		{EAA4F4D3-7827-439C-826A-C26C24CD08F2}.AppStore|x64.Build.0 = Release|Any CPU
		{EAA4F4D3-7827-439C-826A-C26C24CD08F2}.AppStore|x64.Deploy.0 = Release|Any CPU
		{EAA4F4D3-7827-439C-826A-C26C24CD08F2}.AppStore|x86.ActiveCfg = Release|Any CPU
		{EAA4F4D3-7827-439C-826A-C26C24CD08F2}.AppStore|x86.Build.0 = Release|Any CPU
		{EAA4F4D3-7827-439C-826A-C26C24CD08F2}.AppStore|x86.Deploy.0 = Release|Any CPU
		{EAA4F4D3-7827-439C-826A-C26C24CD08F2}.Debug|Any CPU.ActiveCfg = Debug|Any CPU
		{EAA4F4D3-7827-439C-826A-C26C24CD08F2}.Debug|Any CPU.Build.0 = Debug|Any CPU
		{EAA4F4D3-7827-439C-826A-C26C24CD08F2}.Debug|Any CPU.Deploy.0 = Debug|Any CPU
		{EAA4F4D3-7827-439C-826A-C26C24CD08F2}.Debug|ARM.ActiveCfg = Debug|Any CPU
		{EAA4F4D3-7827-439C-826A-C26C24CD08F2}.Debug|ARM.Build.0 = Debug|Any CPU
		{EAA4F4D3-7827-439C-826A-C26C24CD08F2}.Debug|ARM.Deploy.0 = Debug|Any CPU
		{EAA4F4D3-7827-439C-826A-C26C24CD08F2}.Debug|iPhone.ActiveCfg = Debug|Any CPU
		{EAA4F4D3-7827-439C-826A-C26C24CD08F2}.Debug|iPhone.Build.0 = Debug|Any CPU
		{EAA4F4D3-7827-439C-826A-C26C24CD08F2}.Debug|iPhone.Deploy.0 = Debug|Any CPU
		{EAA4F4D3-7827-439C-826A-C26C24CD08F2}.Debug|iPhoneSimulator.ActiveCfg = Debug|Any CPU
		{EAA4F4D3-7827-439C-826A-C26C24CD08F2}.Debug|iPhoneSimulator.Build.0 = Debug|Any CPU
		{EAA4F4D3-7827-439C-826A-C26C24CD08F2}.Debug|iPhoneSimulator.Deploy.0 = Debug|Any CPU
		{EAA4F4D3-7827-439C-826A-C26C24CD08F2}.Debug|x64.ActiveCfg = Debug|Any CPU
		{EAA4F4D3-7827-439C-826A-C26C24CD08F2}.Debug|x64.Build.0 = Debug|Any CPU
		{EAA4F4D3-7827-439C-826A-C26C24CD08F2}.Debug|x64.Deploy.0 = Debug|Any CPU
		{EAA4F4D3-7827-439C-826A-C26C24CD08F2}.Debug|x86.ActiveCfg = Debug|Any CPU
		{EAA4F4D3-7827-439C-826A-C26C24CD08F2}.Debug|x86.Build.0 = Debug|Any CPU
		{EAA4F4D3-7827-439C-826A-C26C24CD08F2}.Debug|x86.Deploy.0 = Debug|Any CPU
		{EAA4F4D3-7827-439C-826A-C26C24CD08F2}.Release|Any CPU.ActiveCfg = Release|Any CPU
		{EAA4F4D3-7827-439C-826A-C26C24CD08F2}.Release|Any CPU.Build.0 = Release|Any CPU
		{EAA4F4D3-7827-439C-826A-C26C24CD08F2}.Release|Any CPU.Deploy.0 = Release|Any CPU
		{EAA4F4D3-7827-439C-826A-C26C24CD08F2}.Release|ARM.ActiveCfg = Release|Any CPU
		{EAA4F4D3-7827-439C-826A-C26C24CD08F2}.Release|ARM.Build.0 = Release|Any CPU
		{EAA4F4D3-7827-439C-826A-C26C24CD08F2}.Release|ARM.Deploy.0 = Release|Any CPU
		{EAA4F4D3-7827-439C-826A-C26C24CD08F2}.Release|iPhone.ActiveCfg = Release|Any CPU
		{EAA4F4D3-7827-439C-826A-C26C24CD08F2}.Release|iPhone.Build.0 = Release|Any CPU
		{EAA4F4D3-7827-439C-826A-C26C24CD08F2}.Release|iPhone.Deploy.0 = Release|Any CPU
		{EAA4F4D3-7827-439C-826A-C26C24CD08F2}.Release|iPhoneSimulator.ActiveCfg = Release|Any CPU
		{EAA4F4D3-7827-439C-826A-C26C24CD08F2}.Release|iPhoneSimulator.Build.0 = Release|Any CPU
		{EAA4F4D3-7827-439C-826A-C26C24CD08F2}.Release|iPhoneSimulator.Deploy.0 = Release|Any CPU
		{EAA4F4D3-7827-439C-826A-C26C24CD08F2}.Release|x64.ActiveCfg = Release|Any CPU
		{EAA4F4D3-7827-439C-826A-C26C24CD08F2}.Release|x64.Build.0 = Release|Any CPU
		{EAA4F4D3-7827-439C-826A-C26C24CD08F2}.Release|x64.Deploy.0 = Release|Any CPU
		{EAA4F4D3-7827-439C-826A-C26C24CD08F2}.Release|x86.ActiveCfg = Release|Any CPU
		{EAA4F4D3-7827-439C-826A-C26C24CD08F2}.Release|x86.Build.0 = Release|Any CPU
		{EAA4F4D3-7827-439C-826A-C26C24CD08F2}.Release|x86.Deploy.0 = Release|Any CPU
		{FBE6AC5C-7D84-4EFC-9DD7-71CC0E80BAB7}.Ad-Hoc|Any CPU.ActiveCfg = Ad-Hoc|iPhone
		{FBE6AC5C-7D84-4EFC-9DD7-71CC0E80BAB7}.Ad-Hoc|ARM.ActiveCfg = Ad-Hoc|iPhone
		{FBE6AC5C-7D84-4EFC-9DD7-71CC0E80BAB7}.Ad-Hoc|iPhone.ActiveCfg = Ad-Hoc|iPhone
		{FBE6AC5C-7D84-4EFC-9DD7-71CC0E80BAB7}.Ad-Hoc|iPhone.Build.0 = Ad-Hoc|iPhone
		{FBE6AC5C-7D84-4EFC-9DD7-71CC0E80BAB7}.Ad-Hoc|iPhoneSimulator.ActiveCfg = Ad-Hoc|iPhoneSimulator
		{FBE6AC5C-7D84-4EFC-9DD7-71CC0E80BAB7}.Ad-Hoc|iPhoneSimulator.Build.0 = Ad-Hoc|iPhoneSimulator
		{FBE6AC5C-7D84-4EFC-9DD7-71CC0E80BAB7}.Ad-Hoc|x64.ActiveCfg = Ad-Hoc|iPhone
		{FBE6AC5C-7D84-4EFC-9DD7-71CC0E80BAB7}.Ad-Hoc|x86.ActiveCfg = Ad-Hoc|iPhone
		{FBE6AC5C-7D84-4EFC-9DD7-71CC0E80BAB7}.AppStore|Any CPU.ActiveCfg = AppStore|iPhone
		{FBE6AC5C-7D84-4EFC-9DD7-71CC0E80BAB7}.AppStore|ARM.ActiveCfg = AppStore|iPhone
		{FBE6AC5C-7D84-4EFC-9DD7-71CC0E80BAB7}.AppStore|iPhone.ActiveCfg = AppStore|iPhone
		{FBE6AC5C-7D84-4EFC-9DD7-71CC0E80BAB7}.AppStore|iPhone.Build.0 = AppStore|iPhone
		{FBE6AC5C-7D84-4EFC-9DD7-71CC0E80BAB7}.AppStore|iPhoneSimulator.ActiveCfg = AppStore|iPhoneSimulator
		{FBE6AC5C-7D84-4EFC-9DD7-71CC0E80BAB7}.AppStore|iPhoneSimulator.Build.0 = AppStore|iPhoneSimulator
		{FBE6AC5C-7D84-4EFC-9DD7-71CC0E80BAB7}.AppStore|x64.ActiveCfg = AppStore|iPhone
		{FBE6AC5C-7D84-4EFC-9DD7-71CC0E80BAB7}.AppStore|x86.ActiveCfg = AppStore|iPhone
		{FBE6AC5C-7D84-4EFC-9DD7-71CC0E80BAB7}.Debug|Any CPU.ActiveCfg = Debug|iPhone
		{FBE6AC5C-7D84-4EFC-9DD7-71CC0E80BAB7}.Debug|ARM.ActiveCfg = Debug|iPhone
		{FBE6AC5C-7D84-4EFC-9DD7-71CC0E80BAB7}.Debug|iPhone.ActiveCfg = Debug|iPhone
		{FBE6AC5C-7D84-4EFC-9DD7-71CC0E80BAB7}.Debug|iPhone.Build.0 = Debug|iPhone
		{FBE6AC5C-7D84-4EFC-9DD7-71CC0E80BAB7}.Debug|iPhoneSimulator.ActiveCfg = Debug|iPhoneSimulator
		{FBE6AC5C-7D84-4EFC-9DD7-71CC0E80BAB7}.Debug|iPhoneSimulator.Build.0 = Debug|iPhoneSimulator
		{FBE6AC5C-7D84-4EFC-9DD7-71CC0E80BAB7}.Debug|x64.ActiveCfg = Debug|iPhone
		{FBE6AC5C-7D84-4EFC-9DD7-71CC0E80BAB7}.Debug|x86.ActiveCfg = Debug|iPhone
		{FBE6AC5C-7D84-4EFC-9DD7-71CC0E80BAB7}.Release|Any CPU.ActiveCfg = Release|iPhone
		{FBE6AC5C-7D84-4EFC-9DD7-71CC0E80BAB7}.Release|ARM.ActiveCfg = Release|iPhone
		{FBE6AC5C-7D84-4EFC-9DD7-71CC0E80BAB7}.Release|iPhone.ActiveCfg = Release|iPhone
		{FBE6AC5C-7D84-4EFC-9DD7-71CC0E80BAB7}.Release|iPhone.Build.0 = Release|iPhone
		{FBE6AC5C-7D84-4EFC-9DD7-71CC0E80BAB7}.Release|iPhoneSimulator.ActiveCfg = Release|iPhoneSimulator
		{FBE6AC5C-7D84-4EFC-9DD7-71CC0E80BAB7}.Release|iPhoneSimulator.Build.0 = Release|iPhoneSimulator
		{FBE6AC5C-7D84-4EFC-9DD7-71CC0E80BAB7}.Release|x64.ActiveCfg = Release|iPhone
		{FBE6AC5C-7D84-4EFC-9DD7-71CC0E80BAB7}.Release|x86.ActiveCfg = Release|iPhone
		{EBE5F202-EBF7-4303-9EC9-E9ECA831CB84}.Ad-Hoc|Any CPU.ActiveCfg = Release|x86
		{EBE5F202-EBF7-4303-9EC9-E9ECA831CB84}.Ad-Hoc|Any CPU.Build.0 = Release|x86
		{EBE5F202-EBF7-4303-9EC9-E9ECA831CB84}.Ad-Hoc|Any CPU.Deploy.0 = Release|x86
		{EBE5F202-EBF7-4303-9EC9-E9ECA831CB84}.Ad-Hoc|ARM.ActiveCfg = Release|ARM
		{EBE5F202-EBF7-4303-9EC9-E9ECA831CB84}.Ad-Hoc|ARM.Build.0 = Release|ARM
		{EBE5F202-EBF7-4303-9EC9-E9ECA831CB84}.Ad-Hoc|ARM.Deploy.0 = Release|ARM
		{EBE5F202-EBF7-4303-9EC9-E9ECA831CB84}.Ad-Hoc|iPhone.ActiveCfg = Release|x86
		{EBE5F202-EBF7-4303-9EC9-E9ECA831CB84}.Ad-Hoc|iPhone.Build.0 = Release|x86
		{EBE5F202-EBF7-4303-9EC9-E9ECA831CB84}.Ad-Hoc|iPhone.Deploy.0 = Release|x86
		{EBE5F202-EBF7-4303-9EC9-E9ECA831CB84}.Ad-Hoc|iPhoneSimulator.ActiveCfg = Release|x86
		{EBE5F202-EBF7-4303-9EC9-E9ECA831CB84}.Ad-Hoc|iPhoneSimulator.Build.0 = Release|x86
		{EBE5F202-EBF7-4303-9EC9-E9ECA831CB84}.Ad-Hoc|iPhoneSimulator.Deploy.0 = Release|x86
		{EBE5F202-EBF7-4303-9EC9-E9ECA831CB84}.Ad-Hoc|x64.ActiveCfg = Release|x64
		{EBE5F202-EBF7-4303-9EC9-E9ECA831CB84}.Ad-Hoc|x64.Build.0 = Release|x64
		{EBE5F202-EBF7-4303-9EC9-E9ECA831CB84}.Ad-Hoc|x64.Deploy.0 = Release|x64
		{EBE5F202-EBF7-4303-9EC9-E9ECA831CB84}.Ad-Hoc|x86.ActiveCfg = Release|x86
		{EBE5F202-EBF7-4303-9EC9-E9ECA831CB84}.Ad-Hoc|x86.Build.0 = Release|x86
		{EBE5F202-EBF7-4303-9EC9-E9ECA831CB84}.Ad-Hoc|x86.Deploy.0 = Release|x86
		{EBE5F202-EBF7-4303-9EC9-E9ECA831CB84}.AppStore|Any CPU.ActiveCfg = Release|x86
		{EBE5F202-EBF7-4303-9EC9-E9ECA831CB84}.AppStore|Any CPU.Build.0 = Release|x86
		{EBE5F202-EBF7-4303-9EC9-E9ECA831CB84}.AppStore|Any CPU.Deploy.0 = Release|x86
		{EBE5F202-EBF7-4303-9EC9-E9ECA831CB84}.AppStore|ARM.ActiveCfg = Release|ARM
		{EBE5F202-EBF7-4303-9EC9-E9ECA831CB84}.AppStore|ARM.Build.0 = Release|ARM
		{EBE5F202-EBF7-4303-9EC9-E9ECA831CB84}.AppStore|ARM.Deploy.0 = Release|ARM
		{EBE5F202-EBF7-4303-9EC9-E9ECA831CB84}.AppStore|iPhone.ActiveCfg = Release|x86
		{EBE5F202-EBF7-4303-9EC9-E9ECA831CB84}.AppStore|iPhone.Build.0 = Release|x86
		{EBE5F202-EBF7-4303-9EC9-E9ECA831CB84}.AppStore|iPhone.Deploy.0 = Release|x86
		{EBE5F202-EBF7-4303-9EC9-E9ECA831CB84}.AppStore|iPhoneSimulator.ActiveCfg = Release|x86
		{EBE5F202-EBF7-4303-9EC9-E9ECA831CB84}.AppStore|iPhoneSimulator.Build.0 = Release|x86
		{EBE5F202-EBF7-4303-9EC9-E9ECA831CB84}.AppStore|iPhoneSimulator.Deploy.0 = Release|x86
		{EBE5F202-EBF7-4303-9EC9-E9ECA831CB84}.AppStore|x64.ActiveCfg = Release|x64
		{EBE5F202-EBF7-4303-9EC9-E9ECA831CB84}.AppStore|x64.Build.0 = Release|x64
		{EBE5F202-EBF7-4303-9EC9-E9ECA831CB84}.AppStore|x64.Deploy.0 = Release|x64
		{EBE5F202-EBF7-4303-9EC9-E9ECA831CB84}.AppStore|x86.ActiveCfg = Release|x86
		{EBE5F202-EBF7-4303-9EC9-E9ECA831CB84}.AppStore|x86.Build.0 = Release|x86
		{EBE5F202-EBF7-4303-9EC9-E9ECA831CB84}.AppStore|x86.Deploy.0 = Release|x86
		{EBE5F202-EBF7-4303-9EC9-E9ECA831CB84}.Debug|Any CPU.ActiveCfg = Debug|x86
		{EBE5F202-EBF7-4303-9EC9-E9ECA831CB84}.Debug|ARM.ActiveCfg = Debug|ARM
		{EBE5F202-EBF7-4303-9EC9-E9ECA831CB84}.Debug|ARM.Build.0 = Debug|ARM
		{EBE5F202-EBF7-4303-9EC9-E9ECA831CB84}.Debug|ARM.Deploy.0 = Debug|ARM
		{EBE5F202-EBF7-4303-9EC9-E9ECA831CB84}.Debug|iPhone.ActiveCfg = Debug|x86
		{EBE5F202-EBF7-4303-9EC9-E9ECA831CB84}.Debug|iPhoneSimulator.ActiveCfg = Debug|x86
		{EBE5F202-EBF7-4303-9EC9-E9ECA831CB84}.Debug|x64.ActiveCfg = Debug|x64
		{EBE5F202-EBF7-4303-9EC9-E9ECA831CB84}.Debug|x64.Build.0 = Debug|x64
		{EBE5F202-EBF7-4303-9EC9-E9ECA831CB84}.Debug|x64.Deploy.0 = Debug|x64
		{EBE5F202-EBF7-4303-9EC9-E9ECA831CB84}.Debug|x86.ActiveCfg = Debug|x86
		{EBE5F202-EBF7-4303-9EC9-E9ECA831CB84}.Debug|x86.Build.0 = Debug|x86
		{EBE5F202-EBF7-4303-9EC9-E9ECA831CB84}.Debug|x86.Deploy.0 = Debug|x86
		{EBE5F202-EBF7-4303-9EC9-E9ECA831CB84}.Release|Any CPU.ActiveCfg = Release|x86
		{EBE5F202-EBF7-4303-9EC9-E9ECA831CB84}.Release|ARM.ActiveCfg = Release|ARM
		{EBE5F202-EBF7-4303-9EC9-E9ECA831CB84}.Release|ARM.Build.0 = Release|ARM
		{EBE5F202-EBF7-4303-9EC9-E9ECA831CB84}.Release|ARM.Deploy.0 = Release|ARM
		{EBE5F202-EBF7-4303-9EC9-E9ECA831CB84}.Release|iPhone.ActiveCfg = Release|x86
		{EBE5F202-EBF7-4303-9EC9-E9ECA831CB84}.Release|iPhoneSimulator.ActiveCfg = Release|x86
		{EBE5F202-EBF7-4303-9EC9-E9ECA831CB84}.Release|x64.ActiveCfg = Release|x64
		{EBE5F202-EBF7-4303-9EC9-E9ECA831CB84}.Release|x64.Build.0 = Release|x64
		{EBE5F202-EBF7-4303-9EC9-E9ECA831CB84}.Release|x64.Deploy.0 = Release|x64
		{EBE5F202-EBF7-4303-9EC9-E9ECA831CB84}.Release|x86.ActiveCfg = Release|x86
		{EBE5F202-EBF7-4303-9EC9-E9ECA831CB84}.Release|x86.Build.0 = Release|x86
		{EBE5F202-EBF7-4303-9EC9-E9ECA831CB84}.Release|x86.Deploy.0 = Release|x86
		{457A27A7-C194-4EFF-81D9-FEB98837F38A}.Ad-Hoc|Any CPU.ActiveCfg = Debug|Any CPU
		{457A27A7-C194-4EFF-81D9-FEB98837F38A}.Ad-Hoc|Any CPU.Build.0 = Debug|Any CPU
		{457A27A7-C194-4EFF-81D9-FEB98837F38A}.Ad-Hoc|ARM.ActiveCfg = Debug|Any CPU
		{457A27A7-C194-4EFF-81D9-FEB98837F38A}.Ad-Hoc|ARM.Build.0 = Debug|Any CPU
		{457A27A7-C194-4EFF-81D9-FEB98837F38A}.Ad-Hoc|iPhone.ActiveCfg = Debug|Any CPU
		{457A27A7-C194-4EFF-81D9-FEB98837F38A}.Ad-Hoc|iPhone.Build.0 = Debug|Any CPU
		{457A27A7-C194-4EFF-81D9-FEB98837F38A}.Ad-Hoc|iPhoneSimulator.ActiveCfg = Debug|Any CPU
		{457A27A7-C194-4EFF-81D9-FEB98837F38A}.Ad-Hoc|iPhoneSimulator.Build.0 = Debug|Any CPU
		{457A27A7-C194-4EFF-81D9-FEB98837F38A}.Ad-Hoc|x64.ActiveCfg = Debug|Any CPU
		{457A27A7-C194-4EFF-81D9-FEB98837F38A}.Ad-Hoc|x64.Build.0 = Debug|Any CPU
		{457A27A7-C194-4EFF-81D9-FEB98837F38A}.Ad-Hoc|x86.ActiveCfg = Debug|Any CPU
		{457A27A7-C194-4EFF-81D9-FEB98837F38A}.Ad-Hoc|x86.Build.0 = Debug|Any CPU
		{457A27A7-C194-4EFF-81D9-FEB98837F38A}.AppStore|Any CPU.ActiveCfg = Debug|Any CPU
		{457A27A7-C194-4EFF-81D9-FEB98837F38A}.AppStore|Any CPU.Build.0 = Debug|Any CPU
		{457A27A7-C194-4EFF-81D9-FEB98837F38A}.AppStore|ARM.ActiveCfg = Debug|Any CPU
		{457A27A7-C194-4EFF-81D9-FEB98837F38A}.AppStore|ARM.Build.0 = Debug|Any CPU
		{457A27A7-C194-4EFF-81D9-FEB98837F38A}.AppStore|iPhone.ActiveCfg = Debug|Any CPU
		{457A27A7-C194-4EFF-81D9-FEB98837F38A}.AppStore|iPhone.Build.0 = Debug|Any CPU
		{457A27A7-C194-4EFF-81D9-FEB98837F38A}.AppStore|iPhoneSimulator.ActiveCfg = Debug|Any CPU
		{457A27A7-C194-4EFF-81D9-FEB98837F38A}.AppStore|iPhoneSimulator.Build.0 = Debug|Any CPU
		{457A27A7-C194-4EFF-81D9-FEB98837F38A}.AppStore|x64.ActiveCfg = Debug|Any CPU
		{457A27A7-C194-4EFF-81D9-FEB98837F38A}.AppStore|x64.Build.0 = Debug|Any CPU
		{457A27A7-C194-4EFF-81D9-FEB98837F38A}.AppStore|x86.ActiveCfg = Debug|Any CPU
		{457A27A7-C194-4EFF-81D9-FEB98837F38A}.AppStore|x86.Build.0 = Debug|Any CPU
		{457A27A7-C194-4EFF-81D9-FEB98837F38A}.Debug|Any CPU.ActiveCfg = Debug|Any CPU
		{457A27A7-C194-4EFF-81D9-FEB98837F38A}.Debug|Any CPU.Build.0 = Debug|Any CPU
		{457A27A7-C194-4EFF-81D9-FEB98837F38A}.Debug|ARM.ActiveCfg = Debug|Any CPU
		{457A27A7-C194-4EFF-81D9-FEB98837F38A}.Debug|ARM.Build.0 = Debug|Any CPU
		{457A27A7-C194-4EFF-81D9-FEB98837F38A}.Debug|iPhone.ActiveCfg = Debug|Any CPU
		{457A27A7-C194-4EFF-81D9-FEB98837F38A}.Debug|iPhone.Build.0 = Debug|Any CPU
		{457A27A7-C194-4EFF-81D9-FEB98837F38A}.Debug|iPhoneSimulator.ActiveCfg = Debug|Any CPU
		{457A27A7-C194-4EFF-81D9-FEB98837F38A}.Debug|iPhoneSimulator.Build.0 = Debug|Any CPU
		{457A27A7-C194-4EFF-81D9-FEB98837F38A}.Debug|x64.ActiveCfg = Debug|Any CPU
		{457A27A7-C194-4EFF-81D9-FEB98837F38A}.Debug|x64.Build.0 = Debug|Any CPU
		{457A27A7-C194-4EFF-81D9-FEB98837F38A}.Debug|x86.ActiveCfg = Debug|Any CPU
		{457A27A7-C194-4EFF-81D9-FEB98837F38A}.Debug|x86.Build.0 = Debug|Any CPU
		{457A27A7-C194-4EFF-81D9-FEB98837F38A}.Release|Any CPU.ActiveCfg = Release|Any CPU
		{457A27A7-C194-4EFF-81D9-FEB98837F38A}.Release|Any CPU.Build.0 = Release|Any CPU
		{457A27A7-C194-4EFF-81D9-FEB98837F38A}.Release|ARM.ActiveCfg = Release|Any CPU
		{457A27A7-C194-4EFF-81D9-FEB98837F38A}.Release|ARM.Build.0 = Release|Any CPU
		{457A27A7-C194-4EFF-81D9-FEB98837F38A}.Release|iPhone.ActiveCfg = Release|Any CPU
		{457A27A7-C194-4EFF-81D9-FEB98837F38A}.Release|iPhone.Build.0 = Release|Any CPU
		{457A27A7-C194-4EFF-81D9-FEB98837F38A}.Release|iPhoneSimulator.ActiveCfg = Release|Any CPU
		{457A27A7-C194-4EFF-81D9-FEB98837F38A}.Release|iPhoneSimulator.Build.0 = Release|Any CPU
		{457A27A7-C194-4EFF-81D9-FEB98837F38A}.Release|x64.ActiveCfg = Release|Any CPU
		{457A27A7-C194-4EFF-81D9-FEB98837F38A}.Release|x64.Build.0 = Release|Any CPU
		{457A27A7-C194-4EFF-81D9-FEB98837F38A}.Release|x86.ActiveCfg = Release|Any CPU
		{457A27A7-C194-4EFF-81D9-FEB98837F38A}.Release|x86.Build.0 = Release|Any CPU
		{0E637B10-FF32-4057-A0DC-1F6819EF64A5}.Ad-Hoc|Any CPU.ActiveCfg = Release|Any CPU
		{0E637B10-FF32-4057-A0DC-1F6819EF64A5}.Ad-Hoc|Any CPU.Build.0 = Release|Any CPU
		{0E637B10-FF32-4057-A0DC-1F6819EF64A5}.Ad-Hoc|Any CPU.Deploy.0 = Release|Any CPU
		{0E637B10-FF32-4057-A0DC-1F6819EF64A5}.Ad-Hoc|ARM.ActiveCfg = Release|Any CPU
		{0E637B10-FF32-4057-A0DC-1F6819EF64A5}.Ad-Hoc|ARM.Build.0 = Release|Any CPU
		{0E637B10-FF32-4057-A0DC-1F6819EF64A5}.Ad-Hoc|ARM.Deploy.0 = Release|Any CPU
		{0E637B10-FF32-4057-A0DC-1F6819EF64A5}.Ad-Hoc|iPhone.ActiveCfg = Release|Any CPU
		{0E637B10-FF32-4057-A0DC-1F6819EF64A5}.Ad-Hoc|iPhone.Build.0 = Release|Any CPU
		{0E637B10-FF32-4057-A0DC-1F6819EF64A5}.Ad-Hoc|iPhone.Deploy.0 = Release|Any CPU
		{0E637B10-FF32-4057-A0DC-1F6819EF64A5}.Ad-Hoc|iPhoneSimulator.ActiveCfg = Release|Any CPU
		{0E637B10-FF32-4057-A0DC-1F6819EF64A5}.Ad-Hoc|iPhoneSimulator.Build.0 = Release|Any CPU
		{0E637B10-FF32-4057-A0DC-1F6819EF64A5}.Ad-Hoc|iPhoneSimulator.Deploy.0 = Release|Any CPU
		{0E637B10-FF32-4057-A0DC-1F6819EF64A5}.Ad-Hoc|x64.ActiveCfg = Release|Any CPU
		{0E637B10-FF32-4057-A0DC-1F6819EF64A5}.Ad-Hoc|x64.Build.0 = Release|Any CPU
		{0E637B10-FF32-4057-A0DC-1F6819EF64A5}.Ad-Hoc|x64.Deploy.0 = Release|Any CPU
		{0E637B10-FF32-4057-A0DC-1F6819EF64A5}.Ad-Hoc|x86.ActiveCfg = Release|Any CPU
		{0E637B10-FF32-4057-A0DC-1F6819EF64A5}.Ad-Hoc|x86.Build.0 = Release|Any CPU
		{0E637B10-FF32-4057-A0DC-1F6819EF64A5}.Ad-Hoc|x86.Deploy.0 = Release|Any CPU
		{0E637B10-FF32-4057-A0DC-1F6819EF64A5}.AppStore|Any CPU.ActiveCfg = Release|Any CPU
		{0E637B10-FF32-4057-A0DC-1F6819EF64A5}.AppStore|Any CPU.Build.0 = Release|Any CPU
		{0E637B10-FF32-4057-A0DC-1F6819EF64A5}.AppStore|Any CPU.Deploy.0 = Release|Any CPU
		{0E637B10-FF32-4057-A0DC-1F6819EF64A5}.AppStore|ARM.ActiveCfg = Release|Any CPU
		{0E637B10-FF32-4057-A0DC-1F6819EF64A5}.AppStore|ARM.Build.0 = Release|Any CPU
		{0E637B10-FF32-4057-A0DC-1F6819EF64A5}.AppStore|ARM.Deploy.0 = Release|Any CPU
		{0E637B10-FF32-4057-A0DC-1F6819EF64A5}.AppStore|iPhone.ActiveCfg = Release|Any CPU
		{0E637B10-FF32-4057-A0DC-1F6819EF64A5}.AppStore|iPhone.Build.0 = Release|Any CPU
		{0E637B10-FF32-4057-A0DC-1F6819EF64A5}.AppStore|iPhone.Deploy.0 = Release|Any CPU
		{0E637B10-FF32-4057-A0DC-1F6819EF64A5}.AppStore|iPhoneSimulator.ActiveCfg = Release|Any CPU
		{0E637B10-FF32-4057-A0DC-1F6819EF64A5}.AppStore|iPhoneSimulator.Build.0 = Release|Any CPU
		{0E637B10-FF32-4057-A0DC-1F6819EF64A5}.AppStore|iPhoneSimulator.Deploy.0 = Release|Any CPU
		{0E637B10-FF32-4057-A0DC-1F6819EF64A5}.AppStore|x64.ActiveCfg = Release|Any CPU
		{0E637B10-FF32-4057-A0DC-1F6819EF64A5}.AppStore|x64.Build.0 = Release|Any CPU
		{0E637B10-FF32-4057-A0DC-1F6819EF64A5}.AppStore|x64.Deploy.0 = Release|Any CPU
		{0E637B10-FF32-4057-A0DC-1F6819EF64A5}.AppStore|x86.ActiveCfg = Release|Any CPU
		{0E637B10-FF32-4057-A0DC-1F6819EF64A5}.AppStore|x86.Build.0 = Release|Any CPU
		{0E637B10-FF32-4057-A0DC-1F6819EF64A5}.AppStore|x86.Deploy.0 = Release|Any CPU
		{0E637B10-FF32-4057-A0DC-1F6819EF64A5}.Debug|Any CPU.ActiveCfg = Debug|Any CPU
		{0E637B10-FF32-4057-A0DC-1F6819EF64A5}.Debug|Any CPU.Build.0 = Debug|Any CPU
		{0E637B10-FF32-4057-A0DC-1F6819EF64A5}.Debug|Any CPU.Deploy.0 = Debug|Any CPU
		{0E637B10-FF32-4057-A0DC-1F6819EF64A5}.Debug|ARM.ActiveCfg = Debug|Any CPU
		{0E637B10-FF32-4057-A0DC-1F6819EF64A5}.Debug|ARM.Build.0 = Debug|Any CPU
		{0E637B10-FF32-4057-A0DC-1F6819EF64A5}.Debug|ARM.Deploy.0 = Debug|Any CPU
		{0E637B10-FF32-4057-A0DC-1F6819EF64A5}.Debug|iPhone.ActiveCfg = Debug|Any CPU
		{0E637B10-FF32-4057-A0DC-1F6819EF64A5}.Debug|iPhone.Build.0 = Debug|Any CPU
		{0E637B10-FF32-4057-A0DC-1F6819EF64A5}.Debug|iPhone.Deploy.0 = Debug|Any CPU
		{0E637B10-FF32-4057-A0DC-1F6819EF64A5}.Debug|iPhoneSimulator.ActiveCfg = Debug|Any CPU
		{0E637B10-FF32-4057-A0DC-1F6819EF64A5}.Debug|iPhoneSimulator.Build.0 = Debug|Any CPU
		{0E637B10-FF32-4057-A0DC-1F6819EF64A5}.Debug|iPhoneSimulator.Deploy.0 = Debug|Any CPU
		{0E637B10-FF32-4057-A0DC-1F6819EF64A5}.Debug|x64.ActiveCfg = Debug|Any CPU
		{0E637B10-FF32-4057-A0DC-1F6819EF64A5}.Debug|x64.Build.0 = Debug|Any CPU
		{0E637B10-FF32-4057-A0DC-1F6819EF64A5}.Debug|x64.Deploy.0 = Debug|Any CPU
		{0E637B10-FF32-4057-A0DC-1F6819EF64A5}.Debug|x86.ActiveCfg = Debug|Any CPU
		{0E637B10-FF32-4057-A0DC-1F6819EF64A5}.Debug|x86.Build.0 = Debug|Any CPU
		{0E637B10-FF32-4057-A0DC-1F6819EF64A5}.Debug|x86.Deploy.0 = Debug|Any CPU
		{0E637B10-FF32-4057-A0DC-1F6819EF64A5}.Release|Any CPU.ActiveCfg = Release|Any CPU
		{0E637B10-FF32-4057-A0DC-1F6819EF64A5}.Release|Any CPU.Build.0 = Release|Any CPU
		{0E637B10-FF32-4057-A0DC-1F6819EF64A5}.Release|Any CPU.Deploy.0 = Release|Any CPU
		{0E637B10-FF32-4057-A0DC-1F6819EF64A5}.Release|ARM.ActiveCfg = Release|Any CPU
		{0E637B10-FF32-4057-A0DC-1F6819EF64A5}.Release|ARM.Build.0 = Release|Any CPU
		{0E637B10-FF32-4057-A0DC-1F6819EF64A5}.Release|ARM.Deploy.0 = Release|Any CPU
		{0E637B10-FF32-4057-A0DC-1F6819EF64A5}.Release|iPhone.ActiveCfg = Release|Any CPU
		{0E637B10-FF32-4057-A0DC-1F6819EF64A5}.Release|iPhone.Build.0 = Release|Any CPU
		{0E637B10-FF32-4057-A0DC-1F6819EF64A5}.Release|iPhone.Deploy.0 = Release|Any CPU
		{0E637B10-FF32-4057-A0DC-1F6819EF64A5}.Release|iPhoneSimulator.ActiveCfg = Release|Any CPU
		{0E637B10-FF32-4057-A0DC-1F6819EF64A5}.Release|iPhoneSimulator.Build.0 = Release|Any CPU
		{0E637B10-FF32-4057-A0DC-1F6819EF64A5}.Release|iPhoneSimulator.Deploy.0 = Release|Any CPU
		{0E637B10-FF32-4057-A0DC-1F6819EF64A5}.Release|x64.ActiveCfg = Release|Any CPU
		{0E637B10-FF32-4057-A0DC-1F6819EF64A5}.Release|x64.Build.0 = Release|Any CPU
		{0E637B10-FF32-4057-A0DC-1F6819EF64A5}.Release|x64.Deploy.0 = Release|Any CPU
		{0E637B10-FF32-4057-A0DC-1F6819EF64A5}.Release|x86.ActiveCfg = Release|Any CPU
		{0E637B10-FF32-4057-A0DC-1F6819EF64A5}.Release|x86.Build.0 = Release|Any CPU
		{0E637B10-FF32-4057-A0DC-1F6819EF64A5}.Release|x86.Deploy.0 = Release|Any CPU
	EndGlobalSection
	GlobalSection(SolutionProperties) = preSolution
		HideSolutionNode = FALSE
	EndGlobalSection
	GlobalSection(NestedProjects) = preSolution
		{FA4D0313-B7E0-48AD-927B-F7E5AE53D340} = {74FC5797-F874-4ED1-8113-FFA0C5E86267}
		{EAA4F4D3-7827-439C-826A-C26C24CD08F2} = {74FC5797-F874-4ED1-8113-FFA0C5E86267}
		{FBE6AC5C-7D84-4EFC-9DD7-71CC0E80BAB7} = {74FC5797-F874-4ED1-8113-FFA0C5E86267}
		{EBE5F202-EBF7-4303-9EC9-E9ECA831CB84} = {74FC5797-F874-4ED1-8113-FFA0C5E86267}
		{457A27A7-C194-4EFF-81D9-FEB98837F38A} = {74FC5797-F874-4ED1-8113-FFA0C5E86267}
	EndGlobalSection
	GlobalSection(ExtensibilityGlobals) = postSolution
		SolutionGuid = {81CC6A66-A991-4A39-8CC4-9A6DCD552877}
	EndGlobalSection
EndGlobal
