
Microsoft Visual Studio Solution File, Format Version 12.00
# Visual Studio 15
VisualStudioVersion = 15.0.27004.2002
MinimumVisualStudioVersion = 10.0.40219.1
Project("{FAE04EC0-301F-11D3-BF4B-00C04F79EFBC}") = "Flixster.iOS", "Flixster.iOS\Flixster.iOS.csproj", "{49031769-2158-4BCA-8565-2F7C5283C559}"
EndProject
Project("{9A19103F-16F7-4668-BE54-9A1E7A4F7556}") = "Flixster.Data", "Flixster.Data\Flixster.Data.csproj", "{82B6A9DC-1A88-4E65-98CD-2CDF6E704317}"
EndProject
Global
	GlobalSection(SolutionConfigurationPlatforms) = preSolution
		Ad-Hoc|Any CPU = Ad-Hoc|Any CPU
		Ad-Hoc|ARM = Ad-Hoc|ARM
		Ad-Hoc|iPhone = Ad-Hoc|iPhone
		Ad-Hoc|iPhoneSimulator = Ad-Hoc|iPhoneSimulator
		Ad-Hoc|x64 = Ad-Hoc|x64
		Ad-Hoc|x86 = Ad-Hoc|x86
		AppStore|Any CPU = AppStore|Any CPU
		AppStore|ARM = AppStore|ARM
		AppStore|iPhone = AppStore|iPhone
		AppStore|iPhoneSimulator = AppStore|iPhoneSimulator
		AppStore|x64 = AppStore|x64
		AppStore|x86 = AppStore|x86
		Debug|Any CPU = Debug|Any CPU
		Debug|ARM = Debug|ARM
		Debug|iPhone = Debug|iPhone
		Debug|iPhoneSimulator = Debug|iPhoneSimulator
		Debug|x64 = Debug|x64
		Debug|x86 = Debug|x86
		Release|Any CPU = Release|Any CPU
		Release|ARM = Release|ARM
		Release|iPhone = Release|iPhone
		Release|iPhoneSimulator = Release|iPhoneSimulator
		Release|x64 = Release|x64
		Release|x86 = Release|x86
	EndGlobalSection
	GlobalSection(ProjectConfigurationPlatforms) = postSolution
		{49031769-2158-4BCA-8565-2F7C5283C559}.Ad-Hoc|Any CPU.ActiveCfg = Ad-Hoc|iPhoneSimulator
		{49031769-2158-4BCA-8565-2F7C5283C559}.Ad-Hoc|ARM.ActiveCfg = Ad-Hoc|iPhoneSimulator
		{49031769-2158-4BCA-8565-2F7C5283C559}.Ad-Hoc|iPhone.ActiveCfg = Ad-Hoc|iPhone
		{49031769-2158-4BCA-8565-2F7C5283C559}.Ad-Hoc|iPhone.Build.0 = Ad-Hoc|iPhone
		{49031769-2158-4BCA-8565-2F7C5283C559}.Ad-Hoc|iPhoneSimulator.ActiveCfg = Ad-Hoc|iPhoneSimulator
		{49031769-2158-4BCA-8565-2F7C5283C559}.Ad-Hoc|iPhoneSimulator.Build.0 = Ad-Hoc|iPhoneSimulator
		{49031769-2158-4BCA-8565-2F7C5283C559}.Ad-Hoc|x64.ActiveCfg = Ad-Hoc|iPhoneSimulator
		{49031769-2158-4BCA-8565-2F7C5283C559}.Ad-Hoc|x86.ActiveCfg = Ad-Hoc|iPhoneSimulator
		{49031769-2158-4BCA-8565-2F7C5283C559}.AppStore|Any CPU.ActiveCfg = AppStore|iPhoneSimulator
		{49031769-2158-4BCA-8565-2F7C5283C559}.AppStore|ARM.ActiveCfg = AppStore|iPhoneSimulator
		{49031769-2158-4BCA-8565-2F7C5283C559}.AppStore|iPhone.ActiveCfg = AppStore|iPhone
		{49031769-2158-4BCA-8565-2F7C5283C559}.AppStore|iPhone.Build.0 = AppStore|iPhone
		{49031769-2158-4BCA-8565-2F7C5283C559}.AppStore|iPhoneSimulator.ActiveCfg = AppStore|iPhoneSimulator
		{49031769-2158-4BCA-8565-2F7C5283C559}.AppStore|iPhoneSimulator.Build.0 = AppStore|iPhoneSimulator
		{49031769-2158-4BCA-8565-2F7C5283C559}.AppStore|x64.ActiveCfg = AppStore|iPhoneSimulator
		{49031769-2158-4BCA-8565-2F7C5283C559}.AppStore|x86.ActiveCfg = AppStore|iPhoneSimulator
		{49031769-2158-4BCA-8565-2F7C5283C559}.Debug|Any CPU.ActiveCfg = Debug|iPhoneSimulator
		{49031769-2158-4BCA-8565-2F7C5283C559}.Debug|ARM.ActiveCfg = Debug|iPhoneSimulator
		{49031769-2158-4BCA-8565-2F7C5283C559}.Debug|iPhone.ActiveCfg = Debug|iPhone
		{49031769-2158-4BCA-8565-2F7C5283C559}.Debug|iPhone.Build.0 = Debug|iPhone
		{49031769-2158-4BCA-8565-2F7C5283C559}.Debug|iPhoneSimulator.ActiveCfg = Debug|iPhoneSimulator
		{49031769-2158-4BCA-8565-2F7C5283C559}.Debug|iPhoneSimulator.Build.0 = Debug|iPhoneSimulator
		{49031769-2158-4BCA-8565-2F7C5283C559}.Debug|x64.ActiveCfg = Debug|iPhoneSimulator
		{49031769-2158-4BCA-8565-2F7C5283C559}.Debug|x86.ActiveCfg = Debug|iPhoneSimulator
		{49031769-2158-4BCA-8565-2F7C5283C559}.Release|Any CPU.ActiveCfg = Release|iPhoneSimulator
		{49031769-2158-4BCA-8565-2F7C5283C559}.Release|ARM.ActiveCfg = Release|iPhoneSimulator
		{49031769-2158-4BCA-8565-2F7C5283C559}.Release|iPhone.ActiveCfg = Release|iPhone
		{49031769-2158-4BCA-8565-2F7C5283C559}.Release|iPhone.Build.0 = Release|iPhone
		{49031769-2158-4BCA-8565-2F7C5283C559}.Release|iPhoneSimulator.ActiveCfg = Release|iPhoneSimulator
		{49031769-2158-4BCA-8565-2F7C5283C559}.Release|iPhoneSimulator.Build.0 = Release|iPhoneSimulator
		{49031769-2158-4BCA-8565-2F7C5283C559}.Release|x64.ActiveCfg = Release|iPhoneSimulator
		{49031769-2158-4BCA-8565-2F7C5283C559}.Release|x86.ActiveCfg = Release|iPhoneSimulator
		{82B6A9DC-1A88-4E65-98CD-2CDF6E704317}.Ad-Hoc|Any CPU.ActiveCfg = Debug|Any CPU
		{82B6A9DC-1A88-4E65-98CD-2CDF6E704317}.Ad-Hoc|Any CPU.Build.0 = Debug|Any CPU
		{82B6A9DC-1A88-4E65-98CD-2CDF6E704317}.Ad-Hoc|ARM.ActiveCfg = Release|Any CPU
		{82B6A9DC-1A88-4E65-98CD-2CDF6E704317}.Ad-Hoc|ARM.Build.0 = Release|Any CPU
		{82B6A9DC-1A88-4E65-98CD-2CDF6E704317}.Ad-Hoc|iPhone.ActiveCfg = Debug|Any CPU
		{82B6A9DC-1A88-4E65-98CD-2CDF6E704317}.Ad-Hoc|iPhone.Build.0 = Debug|Any CPU
		{82B6A9DC-1A88-4E65-98CD-2CDF6E704317}.Ad-Hoc|iPhoneSimulator.ActiveCfg = Debug|Any CPU
		{82B6A9DC-1A88-4E65-98CD-2CDF6E704317}.Ad-Hoc|iPhoneSimulator.Build.0 = Debug|Any CPU
		{82B6A9DC-1A88-4E65-98CD-2CDF6E704317}.Ad-Hoc|x64.ActiveCfg = Release|Any CPU
		{82B6A9DC-1A88-4E65-98CD-2CDF6E704317}.Ad-Hoc|x64.Build.0 = Release|Any CPU
		{82B6A9DC-1A88-4E65-98CD-2CDF6E704317}.Ad-Hoc|x86.ActiveCfg = Release|Any CPU
		{82B6A9DC-1A88-4E65-98CD-2CDF6E704317}.Ad-Hoc|x86.Build.0 = Release|Any CPU
		{82B6A9DC-1A88-4E65-98CD-2CDF6E704317}.AppStore|Any CPU.ActiveCfg = Debug|Any CPU
		{82B6A9DC-1A88-4E65-98CD-2CDF6E704317}.AppStore|Any CPU.Build.0 = Debug|Any CPU
		{82B6A9DC-1A88-4E65-98CD-2CDF6E704317}.AppStore|ARM.ActiveCfg = Release|Any CPU
		{82B6A9DC-1A88-4E65-98CD-2CDF6E704317}.AppStore|ARM.Build.0 = Release|Any CPU
		{82B6A9DC-1A88-4E65-98CD-2CDF6E704317}.AppStore|iPhone.ActiveCfg = Debug|Any CPU
		{82B6A9DC-1A88-4E65-98CD-2CDF6E704317}.AppStore|iPhone.Build.0 = Debug|Any CPU
		{82B6A9DC-1A88-4E65-98CD-2CDF6E704317}.AppStore|iPhoneSimulator.ActiveCfg = Debug|Any CPU
		{82B6A9DC-1A88-4E65-98CD-2CDF6E704317}.AppStore|iPhoneSimulator.Build.0 = Debug|Any CPU
		{82B6A9DC-1A88-4E65-98CD-2CDF6E704317}.AppStore|x64.ActiveCfg = Release|Any CPU
		{82B6A9DC-1A88-4E65-98CD-2CDF6E704317}.AppStore|x64.Build.0 = Release|Any CPU
		{82B6A9DC-1A88-4E65-98CD-2CDF6E704317}.AppStore|x86.ActiveCfg = Release|Any CPU
		{82B6A9DC-1A88-4E65-98CD-2CDF6E704317}.AppStore|x86.Build.0 = Release|Any CPU
		{82B6A9DC-1A88-4E65-98CD-2CDF6E704317}.Debug|Any CPU.ActiveCfg = Debug|Any CPU
		{82B6A9DC-1A88-4E65-98CD-2CDF6E704317}.Debug|Any CPU.Build.0 = Debug|Any CPU
		{82B6A9DC-1A88-4E65-98CD-2CDF6E704317}.Debug|ARM.ActiveCfg = Debug|Any CPU
		{82B6A9DC-1A88-4E65-98CD-2CDF6E704317}.Debug|ARM.Build.0 = Debug|Any CPU
		{82B6A9DC-1A88-4E65-98CD-2CDF6E704317}.Debug|iPhone.ActiveCfg = Debug|Any CPU
		{82B6A9DC-1A88-4E65-98CD-2CDF6E704317}.Debug|iPhone.Build.0 = Debug|Any CPU
		{82B6A9DC-1A88-4E65-98CD-2CDF6E704317}.Debug|iPhoneSimulator.ActiveCfg = Debug|Any CPU
		{82B6A9DC-1A88-4E65-98CD-2CDF6E704317}.Debug|iPhoneSimulator.Build.0 = Debug|Any CPU
		{82B6A9DC-1A88-4E65-98CD-2CDF6E704317}.Debug|x64.ActiveCfg = Debug|Any CPU
		{82B6A9DC-1A88-4E65-98CD-2CDF6E704317}.Debug|x64.Build.0 = Debug|Any CPU
		{82B6A9DC-1A88-4E65-98CD-2CDF6E704317}.Debug|x86.ActiveCfg = Debug|Any CPU
		{82B6A9DC-1A88-4E65-98CD-2CDF6E704317}.Debug|x86.Build.0 = Debug|Any CPU
		{82B6A9DC-1A88-4E65-98CD-2CDF6E704317}.Release|Any CPU.ActiveCfg = Release|Any CPU
		{82B6A9DC-1A88-4E65-98CD-2CDF6E704317}.Release|Any CPU.Build.0 = Release|Any CPU
		{82B6A9DC-1A88-4E65-98CD-2CDF6E704317}.Release|ARM.ActiveCfg = Release|Any CPU
		{82B6A9DC-1A88-4E65-98CD-2CDF6E704317}.Release|ARM.Build.0 = Release|Any CPU
		{82B6A9DC-1A88-4E65-98CD-2CDF6E704317}.Release|iPhone.ActiveCfg = Release|Any CPU
		{82B6A9DC-1A88-4E65-98CD-2CDF6E704317}.Release|iPhone.Build.0 = Release|Any CPU
		{82B6A9DC-1A88-4E65-98CD-2CDF6E704317}.Release|iPhoneSimulator.ActiveCfg = Release|Any CPU
		{82B6A9DC-1A88-4E65-98CD-2CDF6E704317}.Release|iPhoneSimulator.Build.0 = Release|Any CPU
		{82B6A9DC-1A88-4E65-98CD-2CDF6E704317}.Release|x64.ActiveCfg = Release|Any CPU
		{82B6A9DC-1A88-4E65-98CD-2CDF6E704317}.Release|x64.Build.0 = Release|Any CPU
		{82B6A9DC-1A88-4E65-98CD-2CDF6E704317}.Release|x86.ActiveCfg = Release|Any CPU
		{82B6A9DC-1A88-4E65-98CD-2CDF6E704317}.Release|x86.Build.0 = Release|Any CPU
	EndGlobalSection
	GlobalSection(SolutionProperties) = preSolution
		HideSolutionNode = FALSE
	EndGlobalSection
	GlobalSection(ExtensibilityGlobals) = postSolution
		SolutionGuid = {81CC6A66-A991-4A39-8CC4-9A6DCD552877}
	EndGlobalSection
EndGlobal
